
Microsoft Visual Studio Solution File, Format Version 12.00
# Visual Studio Version 16
VisualStudioVersion = 16.0.31025.194
MinimumVisualStudioVersion = 10.0.40219.1
Project("{FAE04EC0-301F-11D3-BF4B-00C04F79EFBC}") = "AdventOfCode2017CSharp", "AdventOfCode2017CSharp\AdventOfCode2017CSharp.csproj", "{EBAAA192-3290-4B42-B219-A72C61083AD0}"
EndProject
Global
	GlobalSection(SolutionConfigurationPlatforms) = preSolution
		Debug|Any CPU = Debug|Any CPU
		Release|Any CPU = Release|Any CPU
	EndGlobalSection
	GlobalSection(ProjectConfigurationPlatforms) = postSolution
		{EBAAA192-3290-4B42-B219-A72C61083AD0}.Debug|Any CPU.ActiveCfg = Debug|Any CPU
		{EBAAA192-3290-4B42-B219-A72C61083AD0}.Debug|Any CPU.Build.0 = Debug|Any CPU
		{EBAAA192-3290-4B42-B219-A72C61083AD0}.Release|Any CPU.ActiveCfg = Release|Any CPU
		{EBAAA192-3290-4B42-B219-A72C61083AD0}.Release|Any CPU.Build.0 = Release|Any CPU
	EndGlobalSection
	GlobalSection(SolutionProperties) = preSolution
		HideSolutionNode = FALSE
	EndGlobalSection
	GlobalSection(ExtensibilityGlobals) = postSolution
		SolutionGuid = {BBD65EB6-484F-4C1C-9D5C-E389EE3D0EFA}
	EndGlobalSection
EndGlobal
